
Microsoft Visual Studio Solution File, Format Version 12.00
# Visual Studio Version 17
VisualStudioVersion = 17.2.32526.322
MinimumVisualStudioVersion = 10.0.40219.1
Project("{FAE04EC0-301F-11D3-BF4B-00C04F79EFBC}") = "MicroExpressionEvaluator", "MicroExpressionEvaluator\MicroExpressionEvaluator.csproj", "{B0774D52-0C2D-4A96-8BBC-62638C8263FA}"
EndProject
Project("{FAE04EC0-301F-11D3-BF4B-00C04F79EFBC}") = "TestAndDemo", "TestAndDemo\TestAndDemo.csproj", "{82D2C8A9-2A29-4BC7-B386-59B9CFEFEE82}"
EndProject
Global
	GlobalSection(SolutionConfigurationPlatforms) = preSolution
		Debug|Any CPU = Debug|Any CPU
		Release|Any CPU = Release|Any CPU
	EndGlobalSection
	GlobalSection(ProjectConfigurationPlatforms) = postSolution
		{B0774D52-0C2D-4A96-8BBC-62638C8263FA}.Debug|Any CPU.ActiveCfg = Debug|Any CPU
		{B0774D52-0C2D-4A96-8BBC-62638C8263FA}.Debug|Any CPU.Build.0 = Debug|Any CPU
		{B0774D52-0C2D-4A96-8BBC-62638C8263FA}.Release|Any CPU.ActiveCfg = Release|Any CPU
		{B0774D52-0C2D-4A96-8BBC-62638C8263FA}.Release|Any CPU.Build.0 = Release|Any CPU
		{82D2C8A9-2A29-4BC7-B386-59B9CFEFEE82}.Debug|Any CPU.ActiveCfg = Debug|Any CPU
		{82D2C8A9-2A29-4BC7-B386-59B9CFEFEE82}.Debug|Any CPU.Build.0 = Debug|Any CPU
		{82D2C8A9-2A29-4BC7-B386-59B9CFEFEE82}.Release|Any CPU.ActiveCfg = Release|Any CPU
		{82D2C8A9-2A29-4BC7-B386-59B9CFEFEE82}.Release|Any CPU.Build.0 = Release|Any CPU
	EndGlobalSection
	GlobalSection(SolutionProperties) = preSolution
		HideSolutionNode = FALSE
	EndGlobalSection
	GlobalSection(ExtensibilityGlobals) = postSolution
		SolutionGuid = {B00EDB95-0996-4A1B-9573-EFEE2F11E4B7}
	EndGlobalSection
EndGlobal
